
Microsoft Visual Studio Solution File, Format Version 12.00
# Visual Studio Version 17
VisualStudioVersion = 17.8.34004.107
MinimumVisualStudioVersion = 10.0.40219.1
Project("{2150E333-8FDC-42A3-9474-1A3956D46DE8}") = "01-OOP", "01-OOP", "{1784D09D-F511-4F12-ADD2-717E9A87BACA}"
EndProject
Project("{9A19103F-16F7-4668-BE54-9A1E7A4F7556}") = "01-OOP-010-Role", "01-OOP-010-Role\01-OOP-010-Role.csproj", "{B20DE642-1666-4BCE-ACEC-6E38D7832E00}"
EndProject
Project("{9A19103F-16F7-4668-BE54-9A1E7A4F7556}") = "01-OOP-020-Tachometr", "01-OOP-020-Tachometr\01-OOP-020-Tachometr.csproj", "{64F94120-E2C3-49D3-98D2-366C380E9FEA}"
EndProject
Project("{9A19103F-16F7-4668-BE54-9A1E7A4F7556}") = "01-OOP-040-Test-vyrobku", "01-OOP-040-Test-vyrobku\01-OOP-040-Test-vyrobku.csproj", "{3092AA07-F83B-45E2-B434-786BD405D014}"
EndProject
Project("{9A19103F-16F7-4668-BE54-9A1E7A4F7556}") = "01-OOP-050-Lanovka", "01-OOP-050-Lanovka\01-OOP-050-Lanovka.csproj", "{09761290-3C47-4835-93FC-AD63952B7126}"
EndProject
Project("{9A19103F-16F7-4668-BE54-9A1E7A4F7556}") = "01-OOP-051-Lanovka-ukazatele", "01-OOP-051-Lanovka-ukazatele\01-OOP-051-Lanovka-ukazatele.csproj", "{4CD65079-A578-4F97-AE1E-835FD034DA5A}"
EndProject
Project("{9A19103F-16F7-4668-BE54-9A1E7A4F7556}") = "01-OOP-052-Lanovka-Spojovy-seznam", "01-OOP-052-Lanovka-Spojovy-seznam\01-OOP-052-Lanovka-Spojovy-seznam.csproj", "{A7CBD2E3-6EEE-4A5E-8420-99F1AA73A307}"
EndProject
Project("{2150E333-8FDC-42A3-9474-1A3956D46DE8}") = "02-OOP2", "02-OOP2", "{6E33546E-44ED-4229-AF86-CD96E7FF0348}"
EndProject
Project("{9A19103F-16F7-4668-BE54-9A1E7A4F7556}") = "02-OOP2-010-Savec", "02-OOP2-010-Savec\02-OOP2-010-Savec.csproj", "{63E46DEE-0D4C-40CF-AF95-667BFDA8702A}"
EndProject
Project("{9A19103F-16F7-4668-BE54-9A1E7A4F7556}") = "02-OOP2-020-Konstruktor-bazove", "02-OOP2-020-Konstruktor-bazove\02-OOP2-020-Konstruktor-bazove.csproj", "{A40DB356-8023-45B5-A558-5203789EBB91}"
EndProject
Project("{9A19103F-16F7-4668-BE54-9A1E7A4F7556}") = "02-OOP2-cv-010-Obdelnik-a-ctverec", "02-OOP2-cv-010-Obdelnik-a-ctverec\02-OOP2-cv-010-Obdelnik-a-ctverec.csproj", "{677F2817-E077-4DEC-AADF-9A156DD28BD3}"
EndProject
Project("{9A19103F-16F7-4668-BE54-9A1E7A4F7556}") = "02-OOP2-cv-020-Pocitadlo", "02-OOP2-cv-020-Pocitadlo\02-OOP2-cv-020-Pocitadlo.csproj", "{30B834E9-BAE8-416B-A55C-F829929177B4}"
EndProject
Project("{9A19103F-16F7-4668-BE54-9A1E7A4F7556}") = "02-OOP2-030-Abstraktni-savec", "02-OOP2-030-Abstraktni-savec\02-OOP2-030-Abstraktni-savec.csproj", "{F2B0A5DB-DF36-441F-89E3-55193D3149F5}"
EndProject
Project("{9A19103F-16F7-4668-BE54-9A1E7A4F7556}") = "tmp", "tmp\tmp.csproj", "{ACE633AF-6890-4387-93A5-BEBC68B49871}"
EndProject
Project("{2150E333-8FDC-42A3-9474-1A3956D46DE8}") = "03-Dalsi", "03-Dalsi", "{70019069-DEFC-4180-BB63-8D6EED8533E1}"
EndProject
Project("{9A19103F-16F7-4668-BE54-9A1E7A4F7556}") = "02-OOP2-cv-030-Ucty", "02-OOP2-cv-030-Ucty\02-OOP2-cv-030-Ucty.csproj", "{90C24924-B1BC-4FC4-8E9E-A957451163AE}"
EndProject
Project("{9A19103F-16F7-4668-BE54-9A1E7A4F7556}") = "02-OOP2-cv-040-Zamestanci", "02-OOP2-cv-040-Zamestanci\02-OOP2-cv-040-Zamestanci.csproj", "{4CA13CFC-7E58-424F-9E0A-916834F19E37}"
EndProject
Project("{9A19103F-16F7-4668-BE54-9A1E7A4F7556}") = "02-OOP2-cv-060-Utvary", "02-OOP2-cv-060-Utvary\02-OOP2-cv-060-Utvary.csproj", "{4D8BE2A6-D96E-4669-AB22-8AD2B8C8AD93}"
EndProject
Project("{9A19103F-16F7-4668-BE54-9A1E7A4F7556}") = "02-OOP2-cv-065-Karty", "02-OOP2-cv-065-Karty\02-OOP2-cv-065-Karty.csproj", "{A405909A-7D30-479A-8742-9EF3C5CC3B19}"
EndProject
Project("{9A19103F-16F7-4668-BE54-9A1E7A4F7556}") = "02-OOP2-cv-070-Body", "02-OOP2-cv-070-Body\02-OOP2-cv-070-Body.csproj", "{FEB913B6-62F5-42AD-BE31-69A0CEFB276F}"
EndProject
Project("{9A19103F-16F7-4668-BE54-9A1E7A4F7556}") = "02-OOP2-cv-080-Inventory", "02-OOP2-cv-080-Inventory\02-OOP2-cv-080-Inventory.csproj", "{038C767F-93BE-4812-8739-A935BF0A5CE3}"
EndProject
Project("{9A19103F-16F7-4668-BE54-9A1E7A4F7556}") = "02-OOP2-DopravniProstredek", "02-OOP2-DopravniProstredek\02-OOP2-DopravniProstredek.csproj", "{4ECB0751-26F5-4C90-B2CF-9D19FB4ACD67}"
EndProject
Project("{9A19103F-16F7-4668-BE54-9A1E7A4F7556}") = "02-OOP2-Extensions", "02-OOP2-Extensions\02-OOP2-Extensions.csproj", "{8BED84C1-4AB7-4840-98FE-0AA14A3DA6E9}"
EndProject
Project("{9A19103F-16F7-4668-BE54-9A1E7A4F7556}") = "03-OOP3-01-Overloading_defaults", "03-OOP3-01-Overloading_defaults\03-OOP3-01-Overloading_defaults.csproj", "{A359FE31-A25D-4107-8F0A-8D7E71841657}"
EndProject
Project("{9A19103F-16F7-4668-BE54-9A1E7A4F7556}") = "03-OOP3-02-Overloading_methods", "03-OOP3-02-Overloading_methods\03-OOP3-02-Overloading_methods.csproj", "{5BCCDC35-A0F7-4497-9921-D8B833ADB510}"
EndProject
Project("{9A19103F-16F7-4668-BE54-9A1E7A4F7556}") = "03-OOP3-03-Overloading_indexers", "03-OOP3-03-Overloading_indexers\03-OOP3-03-Overloading_indexers.csproj", "{B01D8FD3-4C48-4F90-8AC5-685D29154411}"
EndProject
Project("{9A19103F-16F7-4668-BE54-9A1E7A4F7556}") = "03-OOP3-03-Overloading_operators", "03-OOP3-04-Overloading_operators\03-OOP3-03-Overloading_operators.csproj", "{871736C7-4146-4415-AC4D-66A61B6D24BB}"
EndProject
Project("{9A19103F-16F7-4668-BE54-9A1E7A4F7556}") = "03-OOP3-08-Kolekce-Bludiste", "C:\Users\koupja\source\repos\2023_PR2_2As2\03-OOP3-08-Kolekce-Bludiste\03-OOP3-08-Kolekce-Bludiste.csproj", "{C4EB9701-9D25-4BBD-83FE-748750C5E6C3}"
EndProject
Project("{9A19103F-16F7-4668-BE54-9A1E7A4F7556}") = "03-OOP3-04-Fronta-urad", "03-OOP3-04-Fronta-urad\03-OOP3-04-Fronta-urad.csproj", "{4B783E65-FFFD-45D3-9025-933F36BEFEFF}"
EndProject
Project("{9A19103F-16F7-4668-BE54-9A1E7A4F7556}") = "03-OOP3-05-Front-urad-dynamicka", "03-OOP3-05-Front-urad-dynamicka\03-OOP3-05-Front-urad-dynamicka.csproj", "{15B98C46-9991-4B0A-9770-8C474F4A5F14}"
EndProject
Project("{9A19103F-16F7-4668-BE54-9A1E7A4F7556}") = "03-OOP3-06-Hanojska-vez", "03-OOP3-06-Hanojska-vez\03-OOP3-06-Hanojska-vez.csproj", "{E8657CCB-089D-4E63-9942-800D43737093}"
EndProject
Global
	GlobalSection(SolutionConfigurationPlatforms) = preSolution
		Debug|Any CPU = Debug|Any CPU
		Release|Any CPU = Release|Any CPU
	EndGlobalSection
	GlobalSection(ProjectConfigurationPlatforms) = postSolution
		{B20DE642-1666-4BCE-ACEC-6E38D7832E00}.Debug|Any CPU.ActiveCfg = Debug|Any CPU
		{B20DE642-1666-4BCE-ACEC-6E38D7832E00}.Debug|Any CPU.Build.0 = Debug|Any CPU
		{B20DE642-1666-4BCE-ACEC-6E38D7832E00}.Release|Any CPU.ActiveCfg = Release|Any CPU
		{B20DE642-1666-4BCE-ACEC-6E38D7832E00}.Release|Any CPU.Build.0 = Release|Any CPU
		{64F94120-E2C3-49D3-98D2-366C380E9FEA}.Debug|Any CPU.ActiveCfg = Debug|Any CPU
		{64F94120-E2C3-49D3-98D2-366C380E9FEA}.Debug|Any CPU.Build.0 = Debug|Any CPU
		{64F94120-E2C3-49D3-98D2-366C380E9FEA}.Release|Any CPU.ActiveCfg = Release|Any CPU
		{64F94120-E2C3-49D3-98D2-366C380E9FEA}.Release|Any CPU.Build.0 = Release|Any CPU
		{3092AA07-F83B-45E2-B434-786BD405D014}.Debug|Any CPU.ActiveCfg = Debug|Any CPU
		{3092AA07-F83B-45E2-B434-786BD405D014}.Debug|Any CPU.Build.0 = Debug|Any CPU
		{3092AA07-F83B-45E2-B434-786BD405D014}.Release|Any CPU.ActiveCfg = Release|Any CPU
		{3092AA07-F83B-45E2-B434-786BD405D014}.Release|Any CPU.Build.0 = Release|Any CPU
		{09761290-3C47-4835-93FC-AD63952B7126}.Debug|Any CPU.ActiveCfg = Debug|Any CPU
		{09761290-3C47-4835-93FC-AD63952B7126}.Debug|Any CPU.Build.0 = Debug|Any CPU
		{09761290-3C47-4835-93FC-AD63952B7126}.Release|Any CPU.ActiveCfg = Release|Any CPU
		{09761290-3C47-4835-93FC-AD63952B7126}.Release|Any CPU.Build.0 = Release|Any CPU
		{4CD65079-A578-4F97-AE1E-835FD034DA5A}.Debug|Any CPU.ActiveCfg = Debug|Any CPU
		{4CD65079-A578-4F97-AE1E-835FD034DA5A}.Debug|Any CPU.Build.0 = Debug|Any CPU
		{4CD65079-A578-4F97-AE1E-835FD034DA5A}.Release|Any CPU.ActiveCfg = Release|Any CPU
		{4CD65079-A578-4F97-AE1E-835FD034DA5A}.Release|Any CPU.Build.0 = Release|Any CPU
		{A7CBD2E3-6EEE-4A5E-8420-99F1AA73A307}.Debug|Any CPU.ActiveCfg = Debug|Any CPU
		{A7CBD2E3-6EEE-4A5E-8420-99F1AA73A307}.Debug|Any CPU.Build.0 = Debug|Any CPU
		{A7CBD2E3-6EEE-4A5E-8420-99F1AA73A307}.Release|Any CPU.ActiveCfg = Release|Any CPU
		{A7CBD2E3-6EEE-4A5E-8420-99F1AA73A307}.Release|Any CPU.Build.0 = Release|Any CPU
		{63E46DEE-0D4C-40CF-AF95-667BFDA8702A}.Debug|Any CPU.ActiveCfg = Debug|Any CPU
		{63E46DEE-0D4C-40CF-AF95-667BFDA8702A}.Debug|Any CPU.Build.0 = Debug|Any CPU
		{63E46DEE-0D4C-40CF-AF95-667BFDA8702A}.Release|Any CPU.ActiveCfg = Release|Any CPU
		{63E46DEE-0D4C-40CF-AF95-667BFDA8702A}.Release|Any CPU.Build.0 = Release|Any CPU
		{A40DB356-8023-45B5-A558-5203789EBB91}.Debug|Any CPU.ActiveCfg = Debug|Any CPU
		{A40DB356-8023-45B5-A558-5203789EBB91}.Debug|Any CPU.Build.0 = Debug|Any CPU
		{A40DB356-8023-45B5-A558-5203789EBB91}.Release|Any CPU.ActiveCfg = Release|Any CPU
		{A40DB356-8023-45B5-A558-5203789EBB91}.Release|Any CPU.Build.0 = Release|Any CPU
		{677F2817-E077-4DEC-AADF-9A156DD28BD3}.Debug|Any CPU.ActiveCfg = Debug|Any CPU
		{677F2817-E077-4DEC-AADF-9A156DD28BD3}.Debug|Any CPU.Build.0 = Debug|Any CPU
		{677F2817-E077-4DEC-AADF-9A156DD28BD3}.Release|Any CPU.ActiveCfg = Release|Any CPU
		{677F2817-E077-4DEC-AADF-9A156DD28BD3}.Release|Any CPU.Build.0 = Release|Any CPU
		{30B834E9-BAE8-416B-A55C-F829929177B4}.Debug|Any CPU.ActiveCfg = Debug|Any CPU
		{30B834E9-BAE8-416B-A55C-F829929177B4}.Debug|Any CPU.Build.0 = Debug|Any CPU
		{30B834E9-BAE8-416B-A55C-F829929177B4}.Release|Any CPU.ActiveCfg = Release|Any CPU
		{30B834E9-BAE8-416B-A55C-F829929177B4}.Release|Any CPU.Build.0 = Release|Any CPU
		{F2B0A5DB-DF36-441F-89E3-55193D3149F5}.Debug|Any CPU.ActiveCfg = Debug|Any CPU
		{F2B0A5DB-DF36-441F-89E3-55193D3149F5}.Debug|Any CPU.Build.0 = Debug|Any CPU
		{F2B0A5DB-DF36-441F-89E3-55193D3149F5}.Release|Any CPU.ActiveCfg = Release|Any CPU
		{F2B0A5DB-DF36-441F-89E3-55193D3149F5}.Release|Any CPU.Build.0 = Release|Any CPU
		{ACE633AF-6890-4387-93A5-BEBC68B49871}.Debug|Any CPU.ActiveCfg = Debug|Any CPU
		{ACE633AF-6890-4387-93A5-BEBC68B49871}.Debug|Any CPU.Build.0 = Debug|Any CPU
		{ACE633AF-6890-4387-93A5-BEBC68B49871}.Release|Any CPU.ActiveCfg = Release|Any CPU
		{ACE633AF-6890-4387-93A5-BEBC68B49871}.Release|Any CPU.Build.0 = Release|Any CPU
		{90C24924-B1BC-4FC4-8E9E-A957451163AE}.Debug|Any CPU.ActiveCfg = Debug|Any CPU
		{90C24924-B1BC-4FC4-8E9E-A957451163AE}.Debug|Any CPU.Build.0 = Debug|Any CPU
		{90C24924-B1BC-4FC4-8E9E-A957451163AE}.Release|Any CPU.ActiveCfg = Release|Any CPU
		{90C24924-B1BC-4FC4-8E9E-A957451163AE}.Release|Any CPU.Build.0 = Release|Any CPU
		{4CA13CFC-7E58-424F-9E0A-916834F19E37}.Debug|Any CPU.ActiveCfg = Debug|Any CPU
		{4CA13CFC-7E58-424F-9E0A-916834F19E37}.Debug|Any CPU.Build.0 = Debug|Any CPU
		{4CA13CFC-7E58-424F-9E0A-916834F19E37}.Release|Any CPU.ActiveCfg = Release|Any CPU
		{4CA13CFC-7E58-424F-9E0A-916834F19E37}.Release|Any CPU.Build.0 = Release|Any CPU
		{4D8BE2A6-D96E-4669-AB22-8AD2B8C8AD93}.Debug|Any CPU.ActiveCfg = Debug|Any CPU
		{4D8BE2A6-D96E-4669-AB22-8AD2B8C8AD93}.Debug|Any CPU.Build.0 = Debug|Any CPU
		{4D8BE2A6-D96E-4669-AB22-8AD2B8C8AD93}.Release|Any CPU.ActiveCfg = Release|Any CPU
		{4D8BE2A6-D96E-4669-AB22-8AD2B8C8AD93}.Release|Any CPU.Build.0 = Release|Any CPU
		{A405909A-7D30-479A-8742-9EF3C5CC3B19}.Debug|Any CPU.ActiveCfg = Debug|Any CPU
		{A405909A-7D30-479A-8742-9EF3C5CC3B19}.Debug|Any CPU.Build.0 = Debug|Any CPU
		{A405909A-7D30-479A-8742-9EF3C5CC3B19}.Release|Any CPU.ActiveCfg = Release|Any CPU
		{A405909A-7D30-479A-8742-9EF3C5CC3B19}.Release|Any CPU.Build.0 = Release|Any CPU
		{FEB913B6-62F5-42AD-BE31-69A0CEFB276F}.Debug|Any CPU.ActiveCfg = Debug|Any CPU
		{FEB913B6-62F5-42AD-BE31-69A0CEFB276F}.Debug|Any CPU.Build.0 = Debug|Any CPU
		{FEB913B6-62F5-42AD-BE31-69A0CEFB276F}.Release|Any CPU.ActiveCfg = Release|Any CPU
		{FEB913B6-62F5-42AD-BE31-69A0CEFB276F}.Release|Any CPU.Build.0 = Release|Any CPU
		{038C767F-93BE-4812-8739-A935BF0A5CE3}.Debug|Any CPU.ActiveCfg = Debug|Any CPU
		{038C767F-93BE-4812-8739-A935BF0A5CE3}.Debug|Any CPU.Build.0 = Debug|Any CPU
		{038C767F-93BE-4812-8739-A935BF0A5CE3}.Release|Any CPU.ActiveCfg = Release|Any CPU
		{038C767F-93BE-4812-8739-A935BF0A5CE3}.Release|Any CPU.Build.0 = Release|Any CPU
		{4ECB0751-26F5-4C90-B2CF-9D19FB4ACD67}.Debug|Any CPU.ActiveCfg = Debug|Any CPU
		{4ECB0751-26F5-4C90-B2CF-9D19FB4ACD67}.Debug|Any CPU.Build.0 = Debug|Any CPU
		{4ECB0751-26F5-4C90-B2CF-9D19FB4ACD67}.Release|Any CPU.ActiveCfg = Release|Any CPU
		{4ECB0751-26F5-4C90-B2CF-9D19FB4ACD67}.Release|Any CPU.Build.0 = Release|Any CPU
		{8BED84C1-4AB7-4840-98FE-0AA14A3DA6E9}.Debug|Any CPU.ActiveCfg = Debug|Any CPU
		{8BED84C1-4AB7-4840-98FE-0AA14A3DA6E9}.Debug|Any CPU.Build.0 = Debug|Any CPU
		{8BED84C1-4AB7-4840-98FE-0AA14A3DA6E9}.Release|Any CPU.ActiveCfg = Release|Any CPU
		{8BED84C1-4AB7-4840-98FE-0AA14A3DA6E9}.Release|Any CPU.Build.0 = Release|Any CPU
		{A359FE31-A25D-4107-8F0A-8D7E71841657}.Debug|Any CPU.ActiveCfg = Debug|Any CPU
		{A359FE31-A25D-4107-8F0A-8D7E71841657}.Debug|Any CPU.Build.0 = Debug|Any CPU
		{A359FE31-A25D-4107-8F0A-8D7E71841657}.Release|Any CPU.ActiveCfg = Release|Any CPU
		{A359FE31-A25D-4107-8F0A-8D7E71841657}.Release|Any CPU.Build.0 = Release|Any CPU
		{5BCCDC35-A0F7-4497-9921-D8B833ADB510}.Debug|Any CPU.ActiveCfg = Debug|Any CPU
		{5BCCDC35-A0F7-4497-9921-D8B833ADB510}.Debug|Any CPU.Build.0 = Debug|Any CPU
		{5BCCDC35-A0F7-4497-9921-D8B833ADB510}.Release|Any CPU.ActiveCfg = Release|Any CPU
		{5BCCDC35-A0F7-4497-9921-D8B833ADB510}.Release|Any CPU.Build.0 = Release|Any CPU
		{B01D8FD3-4C48-4F90-8AC5-685D29154411}.Debug|Any CPU.ActiveCfg = Debug|Any CPU
		{B01D8FD3-4C48-4F90-8AC5-685D29154411}.Debug|Any CPU.Build.0 = Debug|Any CPU
		{B01D8FD3-4C48-4F90-8AC5-685D29154411}.Release|Any CPU.ActiveCfg = Release|Any CPU
		{B01D8FD3-4C48-4F90-8AC5-685D29154411}.Release|Any CPU.Build.0 = Release|Any CPU
		{871736C7-4146-4415-AC4D-66A61B6D24BB}.Debug|Any CPU.ActiveCfg = Debug|Any CPU
		{871736C7-4146-4415-AC4D-66A61B6D24BB}.Debug|Any CPU.Build.0 = Debug|Any CPU
		{871736C7-4146-4415-AC4D-66A61B6D24BB}.Release|Any CPU.ActiveCfg = Release|Any CPU
		{871736C7-4146-4415-AC4D-66A61B6D24BB}.Release|Any CPU.Build.0 = Release|Any CPU
		{C4EB9701-9D25-4BBD-83FE-748750C5E6C3}.Debug|Any CPU.ActiveCfg = Debug|Any CPU
		{C4EB9701-9D25-4BBD-83FE-748750C5E6C3}.Debug|Any CPU.Build.0 = Debug|Any CPU
		{C4EB9701-9D25-4BBD-83FE-748750C5E6C3}.Release|Any CPU.ActiveCfg = Release|Any CPU
		{C4EB9701-9D25-4BBD-83FE-748750C5E6C3}.Release|Any CPU.Build.0 = Release|Any CPU
		{4B783E65-FFFD-45D3-9025-933F36BEFEFF}.Debug|Any CPU.ActiveCfg = Debug|Any CPU
		{4B783E65-FFFD-45D3-9025-933F36BEFEFF}.Debug|Any CPU.Build.0 = Debug|Any CPU
		{4B783E65-FFFD-45D3-9025-933F36BEFEFF}.Release|Any CPU.ActiveCfg = Release|Any CPU
		{4B783E65-FFFD-45D3-9025-933F36BEFEFF}.Release|Any CPU.Build.0 = Release|Any CPU
		{15B98C46-9991-4B0A-9770-8C474F4A5F14}.Debug|Any CPU.ActiveCfg = Debug|Any CPU
		{15B98C46-9991-4B0A-9770-8C474F4A5F14}.Debug|Any CPU.Build.0 = Debug|Any CPU
		{15B98C46-9991-4B0A-9770-8C474F4A5F14}.Release|Any CPU.ActiveCfg = Release|Any CPU
		{15B98C46-9991-4B0A-9770-8C474F4A5F14}.Release|Any CPU.Build.0 = Release|Any CPU
		{E8657CCB-089D-4E63-9942-800D43737093}.Debug|Any CPU.ActiveCfg = Debug|Any CPU
		{E8657CCB-089D-4E63-9942-800D43737093}.Debug|Any CPU.Build.0 = Debug|Any CPU
		{E8657CCB-089D-4E63-9942-800D43737093}.Release|Any CPU.ActiveCfg = Release|Any CPU
		{E8657CCB-089D-4E63-9942-800D43737093}.Release|Any CPU.Build.0 = Release|Any CPU
	EndGlobalSection
	GlobalSection(SolutionProperties) = preSolution
		HideSolutionNode = FALSE
	EndGlobalSection
	GlobalSection(NestedProjects) = preSolution
		{B20DE642-1666-4BCE-ACEC-6E38D7832E00} = {1784D09D-F511-4F12-ADD2-717E9A87BACA}
		{64F94120-E2C3-49D3-98D2-366C380E9FEA} = {1784D09D-F511-4F12-ADD2-717E9A87BACA}
		{3092AA07-F83B-45E2-B434-786BD405D014} = {1784D09D-F511-4F12-ADD2-717E9A87BACA}
		{09761290-3C47-4835-93FC-AD63952B7126} = {1784D09D-F511-4F12-ADD2-717E9A87BACA}
		{4CD65079-A578-4F97-AE1E-835FD034DA5A} = {1784D09D-F511-4F12-ADD2-717E9A87BACA}
		{A7CBD2E3-6EEE-4A5E-8420-99F1AA73A307} = {1784D09D-F511-4F12-ADD2-717E9A87BACA}
		{63E46DEE-0D4C-40CF-AF95-667BFDA8702A} = {6E33546E-44ED-4229-AF86-CD96E7FF0348}
		{A40DB356-8023-45B5-A558-5203789EBB91} = {6E33546E-44ED-4229-AF86-CD96E7FF0348}
		{677F2817-E077-4DEC-AADF-9A156DD28BD3} = {6E33546E-44ED-4229-AF86-CD96E7FF0348}
		{30B834E9-BAE8-416B-A55C-F829929177B4} = {6E33546E-44ED-4229-AF86-CD96E7FF0348}
		{F2B0A5DB-DF36-441F-89E3-55193D3149F5} = {6E33546E-44ED-4229-AF86-CD96E7FF0348}
		{90C24924-B1BC-4FC4-8E9E-A957451163AE} = {6E33546E-44ED-4229-AF86-CD96E7FF0348}
		{4CA13CFC-7E58-424F-9E0A-916834F19E37} = {6E33546E-44ED-4229-AF86-CD96E7FF0348}
		{4D8BE2A6-D96E-4669-AB22-8AD2B8C8AD93} = {6E33546E-44ED-4229-AF86-CD96E7FF0348}
		{A405909A-7D30-479A-8742-9EF3C5CC3B19} = {6E33546E-44ED-4229-AF86-CD96E7FF0348}
		{FEB913B6-62F5-42AD-BE31-69A0CEFB276F} = {6E33546E-44ED-4229-AF86-CD96E7FF0348}
		{038C767F-93BE-4812-8739-A935BF0A5CE3} = {6E33546E-44ED-4229-AF86-CD96E7FF0348}
		{4ECB0751-26F5-4C90-B2CF-9D19FB4ACD67} = {6E33546E-44ED-4229-AF86-CD96E7FF0348}
		{8BED84C1-4AB7-4840-98FE-0AA14A3DA6E9} = {6E33546E-44ED-4229-AF86-CD96E7FF0348}
		{A359FE31-A25D-4107-8F0A-8D7E71841657} = {70019069-DEFC-4180-BB63-8D6EED8533E1}
		{5BCCDC35-A0F7-4497-9921-D8B833ADB510} = {70019069-DEFC-4180-BB63-8D6EED8533E1}
		{B01D8FD3-4C48-4F90-8AC5-685D29154411} = {70019069-DEFC-4180-BB63-8D6EED8533E1}
		{871736C7-4146-4415-AC4D-66A61B6D24BB} = {70019069-DEFC-4180-BB63-8D6EED8533E1}
		{C4EB9701-9D25-4BBD-83FE-748750C5E6C3} = {70019069-DEFC-4180-BB63-8D6EED8533E1}
		{4B783E65-FFFD-45D3-9025-933F36BEFEFF} = {70019069-DEFC-4180-BB63-8D6EED8533E1}
		{15B98C46-9991-4B0A-9770-8C474F4A5F14} = {70019069-DEFC-4180-BB63-8D6EED8533E1}
		{E8657CCB-089D-4E63-9942-800D43737093} = {70019069-DEFC-4180-BB63-8D6EED8533E1}
	EndGlobalSection
	GlobalSection(ExtensibilityGlobals) = postSolution
		SolutionGuid = {BA649241-65FA-44DE-AE3D-F3ADE7F0080B}
	EndGlobalSection
EndGlobal
