
Microsoft Visual Studio Solution File, Format Version 12.00
# Visual Studio Version 17
VisualStudioVersion = 17.8.34004.107
MinimumVisualStudioVersion = 10.0.40219.1
Project("{2150E333-8FDC-42A3-9474-1A3956D46DE8}") = "01-OOP", "01-OOP", "{1784D09D-F511-4F12-ADD2-717E9A87BACA}"
EndProject
Project("{9A19103F-16F7-4668-BE54-9A1E7A4F7556}") = "01-OOP-010-Role", "01-OOP-010-Role\01-OOP-010-Role.csproj", "{B20DE642-1666-4BCE-ACEC-6E38D7832E00}"
EndProject
Project("{9A19103F-16F7-4668-BE54-9A1E7A4F7556}") = "01-OOP-020-Tachometr", "01-OOP-020-Tachometr\01-OOP-020-Tachometr.csproj", "{64F94120-E2C3-49D3-98D2-366C380E9FEA}"
EndProject
Project("{9A19103F-16F7-4668-BE54-9A1E7A4F7556}") = "01-OOP-040-Test-vyrobku", "01-OOP-040-Test-vyrobku\01-OOP-040-Test-vyrobku.csproj", "{3092AA07-F83B-45E2-B434-786BD405D014}"
EndProject
Project("{9A19103F-16F7-4668-BE54-9A1E7A4F7556}") = "01-OOP-050-Lanovka", "01-OOP-050-Lanovka\01-OOP-050-Lanovka.csproj", "{09761290-3C47-4835-93FC-AD63952B7126}"
EndProject
Project("{FAE04EC0-301F-11D3-BF4B-00C04F79EFBC}") = "01-OOP-051-Lanovka-ukazatele", "01-OOP-051-Lanovka-ukazatele\01-OOP-051-Lanovka-ukazatele.csproj", "{4CD65079-A578-4F97-AE1E-835FD034DA5A}"
EndProject
Project("{FAE04EC0-301F-11D3-BF4B-00C04F79EFBC}") = "01-OOP-052-Lanovka-Spojovy-seznam", "01-OOP-052-Lanovka-Spojovy-seznam\01-OOP-052-Lanovka-Spojovy-seznam.csproj", "{A7CBD2E3-6EEE-4A5E-8420-99F1AA73A307}"
EndProject
Global
	GlobalSection(SolutionConfigurationPlatforms) = preSolution
		Debug|Any CPU = Debug|Any CPU
		Release|Any CPU = Release|Any CPU
	EndGlobalSection
	GlobalSection(ProjectConfigurationPlatforms) = postSolution
		{B20DE642-1666-4BCE-ACEC-6E38D7832E00}.Debug|Any CPU.ActiveCfg = Debug|Any CPU
		{B20DE642-1666-4BCE-ACEC-6E38D7832E00}.Debug|Any CPU.Build.0 = Debug|Any CPU
		{B20DE642-1666-4BCE-ACEC-6E38D7832E00}.Release|Any CPU.ActiveCfg = Release|Any CPU
		{B20DE642-1666-4BCE-ACEC-6E38D7832E00}.Release|Any CPU.Build.0 = Release|Any CPU
		{64F94120-E2C3-49D3-98D2-366C380E9FEA}.Debug|Any CPU.ActiveCfg = Debug|Any CPU
		{64F94120-E2C3-49D3-98D2-366C380E9FEA}.Debug|Any CPU.Build.0 = Debug|Any CPU
		{64F94120-E2C3-49D3-98D2-366C380E9FEA}.Release|Any CPU.ActiveCfg = Release|Any CPU
		{64F94120-E2C3-49D3-98D2-366C380E9FEA}.Release|Any CPU.Build.0 = Release|Any CPU
		{3092AA07-F83B-45E2-B434-786BD405D014}.Debug|Any CPU.ActiveCfg = Debug|Any CPU
		{3092AA07-F83B-45E2-B434-786BD405D014}.Debug|Any CPU.Build.0 = Debug|Any CPU
		{3092AA07-F83B-45E2-B434-786BD405D014}.Release|Any CPU.ActiveCfg = Release|Any CPU
		{3092AA07-F83B-45E2-B434-786BD405D014}.Release|Any CPU.Build.0 = Release|Any CPU
		{09761290-3C47-4835-93FC-AD63952B7126}.Debug|Any CPU.ActiveCfg = Debug|Any CPU
		{09761290-3C47-4835-93FC-AD63952B7126}.Debug|Any CPU.Build.0 = Debug|Any CPU
		{09761290-3C47-4835-93FC-AD63952B7126}.Release|Any CPU.ActiveCfg = Release|Any CPU
		{09761290-3C47-4835-93FC-AD63952B7126}.Release|Any CPU.Build.0 = Release|Any CPU
		{4CD65079-A578-4F97-AE1E-835FD034DA5A}.Debug|Any CPU.ActiveCfg = Debug|Any CPU
		{4CD65079-A578-4F97-AE1E-835FD034DA5A}.Debug|Any CPU.Build.0 = Debug|Any CPU
		{4CD65079-A578-4F97-AE1E-835FD034DA5A}.Release|Any CPU.ActiveCfg = Release|Any CPU
		{4CD65079-A578-4F97-AE1E-835FD034DA5A}.Release|Any CPU.Build.0 = Release|Any CPU
		{A7CBD2E3-6EEE-4A5E-8420-99F1AA73A307}.Debug|Any CPU.ActiveCfg = Debug|Any CPU
		{A7CBD2E3-6EEE-4A5E-8420-99F1AA73A307}.Debug|Any CPU.Build.0 = Debug|Any CPU
		{A7CBD2E3-6EEE-4A5E-8420-99F1AA73A307}.Release|Any CPU.ActiveCfg = Release|Any CPU
		{A7CBD2E3-6EEE-4A5E-8420-99F1AA73A307}.Release|Any CPU.Build.0 = Release|Any CPU
	EndGlobalSection
	GlobalSection(SolutionProperties) = preSolution
		HideSolutionNode = FALSE
	EndGlobalSection
	GlobalSection(NestedProjects) = preSolution
		{B20DE642-1666-4BCE-ACEC-6E38D7832E00} = {1784D09D-F511-4F12-ADD2-717E9A87BACA}
		{64F94120-E2C3-49D3-98D2-366C380E9FEA} = {1784D09D-F511-4F12-ADD2-717E9A87BACA}
		{3092AA07-F83B-45E2-B434-786BD405D014} = {1784D09D-F511-4F12-ADD2-717E9A87BACA}
		{09761290-3C47-4835-93FC-AD63952B7126} = {1784D09D-F511-4F12-ADD2-717E9A87BACA}
		{4CD65079-A578-4F97-AE1E-835FD034DA5A} = {1784D09D-F511-4F12-ADD2-717E9A87BACA}
		{A7CBD2E3-6EEE-4A5E-8420-99F1AA73A307} = {1784D09D-F511-4F12-ADD2-717E9A87BACA}
	EndGlobalSection
	GlobalSection(ExtensibilityGlobals) = postSolution
		SolutionGuid = {BA649241-65FA-44DE-AE3D-F3ADE7F0080B}
	EndGlobalSection
EndGlobal
